
Microsoft Visual Studio Solution File, Format Version 12.00
# Visual Studio 15
VisualStudioVersion = 15.0.28307.1145
MinimumVisualStudioVersion = 10.0.40219.1
Project("{FAE04EC0-301F-11D3-BF4B-00C04F79EFBC}") = "MatrixPolinomCaracteristic", "MatrixPolinomCaracteristic\MatrixPolinomCaracteristic.csproj", "{4D8F1706-3B2F-42AE-8368-2F2898626740}"
EndProject
Global
	GlobalSection(SolutionConfigurationPlatforms) = preSolution
		Debug|Any CPU = Debug|Any CPU
		Release|Any CPU = Release|Any CPU
	EndGlobalSection
	GlobalSection(ProjectConfigurationPlatforms) = postSolution
		{4D8F1706-3B2F-42AE-8368-2F2898626740}.Debug|Any CPU.ActiveCfg = Debug|Any CPU
		{4D8F1706-3B2F-42AE-8368-2F2898626740}.Debug|Any CPU.Build.0 = Debug|Any CPU
		{4D8F1706-3B2F-42AE-8368-2F2898626740}.Release|Any CPU.ActiveCfg = Release|Any CPU
		{4D8F1706-3B2F-42AE-8368-2F2898626740}.Release|Any CPU.Build.0 = Release|Any CPU
	EndGlobalSection
	GlobalSection(SolutionProperties) = preSolution
		HideSolutionNode = FALSE
	EndGlobalSection
	GlobalSection(ExtensibilityGlobals) = postSolution
		SolutionGuid = {9C5972D8-495E-4D9A-82E5-2A5DA2AB4641}
	EndGlobalSection
EndGlobal
