
Microsoft Visual Studio Solution File, Format Version 12.00
# Visual Studio 15
VisualStudioVersion = 15.0.28307.1145
MinimumVisualStudioVersion = 10.0.40219.1
Project("{FAE04EC0-301F-11D3-BF4B-00C04F79EFBC}") = "GaloisGrad4", "GaloisGrad4\GaloisGrad4.csproj", "{CB532747-D0A2-420B-8A4B-45036A557E82}"
EndProject
Global
	GlobalSection(SolutionConfigurationPlatforms) = preSolution
		Debug|Any CPU = Debug|Any CPU
		Release|Any CPU = Release|Any CPU
	EndGlobalSection
	GlobalSection(ProjectConfigurationPlatforms) = postSolution
		{CB532747-D0A2-420B-8A4B-45036A557E82}.Debug|Any CPU.ActiveCfg = Debug|Any CPU
		{CB532747-D0A2-420B-8A4B-45036A557E82}.Debug|Any CPU.Build.0 = Debug|Any CPU
		{CB532747-D0A2-420B-8A4B-45036A557E82}.Release|Any CPU.ActiveCfg = Release|Any CPU
		{CB532747-D0A2-420B-8A4B-45036A557E82}.Release|Any CPU.Build.0 = Release|Any CPU
	EndGlobalSection
	GlobalSection(SolutionProperties) = preSolution
		HideSolutionNode = FALSE
	EndGlobalSection
	GlobalSection(ExtensibilityGlobals) = postSolution
		SolutionGuid = {6AEB956E-FD0A-4E98-8591-A140EBA8EBC5}
	EndGlobalSection
EndGlobal
