
Microsoft Visual Studio Solution File, Format Version 12.00
# Visual Studio 15
VisualStudioVersion = 15.0.28307.1145
MinimumVisualStudioVersion = 10.0.40219.1
Project("{FAE04EC0-301F-11D3-BF4B-00C04F79EFBC}") = "HermiticaMatrix", "HermiticaMatrix\HermiticaMatrix.csproj", "{5A5F1FBC-423B-48DE-BE9F-5882AC29398C}"
EndProject
Global
	GlobalSection(SolutionConfigurationPlatforms) = preSolution
		Debug|Any CPU = Debug|Any CPU
		Release|Any CPU = Release|Any CPU
	EndGlobalSection
	GlobalSection(ProjectConfigurationPlatforms) = postSolution
		{5A5F1FBC-423B-48DE-BE9F-5882AC29398C}.Debug|Any CPU.ActiveCfg = Debug|Any CPU
		{5A5F1FBC-423B-48DE-BE9F-5882AC29398C}.Debug|Any CPU.Build.0 = Debug|Any CPU
		{5A5F1FBC-423B-48DE-BE9F-5882AC29398C}.Release|Any CPU.ActiveCfg = Release|Any CPU
		{5A5F1FBC-423B-48DE-BE9F-5882AC29398C}.Release|Any CPU.Build.0 = Release|Any CPU
	EndGlobalSection
	GlobalSection(SolutionProperties) = preSolution
		HideSolutionNode = FALSE
	EndGlobalSection
	GlobalSection(ExtensibilityGlobals) = postSolution
		SolutionGuid = {C8858ED3-6BE7-4F05-841D-82EC7C5C7BFD}
	EndGlobalSection
EndGlobal
