
Microsoft Visual Studio Solution File, Format Version 12.00
# Visual Studio Version 16
VisualStudioVersion = 16.0.31729.503
MinimumVisualStudioVersion = 10.0.40219.1
Project("{FAE04EC0-301F-11D3-BF4B-00C04F79EFBC}") = "MetodaCombinataTangentei", "MetodaCombinataTangentei\MetodaCombinataTangentei.csproj", "{C7048492-26A2-480E-B818-EE8B90F6D093}"
EndProject
Global
	GlobalSection(SolutionConfigurationPlatforms) = preSolution
		Debug|Any CPU = Debug|Any CPU
		Release|Any CPU = Release|Any CPU
	EndGlobalSection
	GlobalSection(ProjectConfigurationPlatforms) = postSolution
		{C7048492-26A2-480E-B818-EE8B90F6D093}.Debug|Any CPU.ActiveCfg = Debug|Any CPU
		{C7048492-26A2-480E-B818-EE8B90F6D093}.Debug|Any CPU.Build.0 = Debug|Any CPU
		{C7048492-26A2-480E-B818-EE8B90F6D093}.Release|Any CPU.ActiveCfg = Release|Any CPU
		{C7048492-26A2-480E-B818-EE8B90F6D093}.Release|Any CPU.Build.0 = Release|Any CPU
	EndGlobalSection
	GlobalSection(SolutionProperties) = preSolution
		HideSolutionNode = FALSE
	EndGlobalSection
	GlobalSection(ExtensibilityGlobals) = postSolution
		SolutionGuid = {E72BF546-718E-4A89-8593-C29CDC1F2E85}
	EndGlobalSection
EndGlobal
